
Microsoft Visual Studio Solution File, Format Version 12.00
# Visual Studio Version 16
VisualStudioVersion = 16.0.30309.148
MinimumVisualStudioVersion = 10.0.40219.1
Project("{9A19103F-16F7-4668-BE54-9A1E7A4F7556}") = "Task1", "Task1\Task1.csproj", "{E0CF58B7-8A3F-4FAD-AD7A-EE520D6D7E0D}"
EndProject
Project("{2150E333-8FDC-42A3-9474-1A3956D46DE8}") = "Solution Items", "Solution Items", "{DDAED0E0-91C9-4077-8302-196F95F7761D}"
	ProjectSection(SolutionItems) = preProject
		.editorconfig = .editorconfig
	EndProjectSection
EndProject
Global
	GlobalSection(SolutionConfigurationPlatforms) = preSolution
		Debug|Any CPU = Debug|Any CPU
		Release|Any CPU = Release|Any CPU
	EndGlobalSection
	GlobalSection(ProjectConfigurationPlatforms) = postSolution
		{E0CF58B7-8A3F-4FAD-AD7A-EE520D6D7E0D}.Debug|Any CPU.ActiveCfg = Debug|Any CPU
		{E0CF58B7-8A3F-4FAD-AD7A-EE520D6D7E0D}.Debug|Any CPU.Build.0 = Debug|Any CPU
		{E0CF58B7-8A3F-4FAD-AD7A-EE520D6D7E0D}.Release|Any CPU.ActiveCfg = Release|Any CPU
		{E0CF58B7-8A3F-4FAD-AD7A-EE520D6D7E0D}.Release|Any CPU.Build.0 = Release|Any CPU
	EndGlobalSection
	GlobalSection(SolutionProperties) = preSolution
		HideSolutionNode = FALSE
	EndGlobalSection
	GlobalSection(ExtensibilityGlobals) = postSolution
		SolutionGuid = {7B998545-BBF2-4BDE-BC91-582BA38348F8}
	EndGlobalSection
EndGlobal
