
Microsoft Visual Studio Solution File, Format Version 12.00
# Visual Studio 15
VisualStudioVersion = 15.0.28307.1209
MinimumVisualStudioVersion = 10.0.40219.1
Project("{FAE04EC0-301F-11D3-BF4B-00C04F79EFBC}") = "WpfApp4", "WpfApp4\WpfApp4.csproj", "{D5EC8931-A410-48BC-86D6-FE79EEE4BF53}"
EndProject
Global
	GlobalSection(SolutionConfigurationPlatforms) = preSolution
		Debug|Any CPU = Debug|Any CPU
		Release|Any CPU = Release|Any CPU
	EndGlobalSection
	GlobalSection(ProjectConfigurationPlatforms) = postSolution
		{D5EC8931-A410-48BC-86D6-FE79EEE4BF53}.Debug|Any CPU.ActiveCfg = Debug|Any CPU
		{D5EC8931-A410-48BC-86D6-FE79EEE4BF53}.Debug|Any CPU.Build.0 = Debug|Any CPU
		{D5EC8931-A410-48BC-86D6-FE79EEE4BF53}.Release|Any CPU.ActiveCfg = Release|Any CPU
		{D5EC8931-A410-48BC-86D6-FE79EEE4BF53}.Release|Any CPU.Build.0 = Release|Any CPU
	EndGlobalSection
	GlobalSection(SolutionProperties) = preSolution
		HideSolutionNode = FALSE
	EndGlobalSection
	GlobalSection(ExtensibilityGlobals) = postSolution
		SolutionGuid = {093E9146-BFCB-41A8-A200-317FBFD5A901}
	EndGlobalSection
EndGlobal
